
Microsoft Visual Studio Solution File, Format Version 12.00
# Visual Studio 14
VisualStudioVersion = 14.0.25123.0
MinimumVisualStudioVersion = 10.0.40219.1
Project("{FAE04EC0-301F-11D3-BF4B-00C04F79EFBC}") = "CAppBulkAndFileHelpers", "CAppBulkAndFileHelpers\CAppBulkAndFileHelpers.csproj", "{6D1782AE-6DF4-4B84-834B-292199D740E8}"
EndProject
Project("{FAE04EC0-301F-11D3-BF4B-00C04F79EFBC}") = "App.Models", "App.Models\App.Models.csproj", "{BB310BF1-8119-4B6D-9336-A99369AFD65B}"
EndProject
Project("{FAE04EC0-301F-11D3-BF4B-00C04F79EFBC}") = "App.Web", "App.Web\App.Web.csproj", "{869E6577-36F2-4434-B5D2-46AA10378925}"
EndProject
Project("{FAE04EC0-301F-11D3-BF4B-00C04F79EFBC}") = "App.WebStore", "App.WebStore\App.WebStore.csproj", "{16A0C5F8-B0AE-4D17-85F5-2B623E89BF20}"
EndProject
Project("{FAE04EC0-301F-11D3-BF4B-00C04F79EFBC}") = "App.WebStore.Models", "App.WebStore.Models\App.WebStore.Models.csproj", "{DEF8693A-14E7-4F73-A079-B566162694FE}"
EndProject
Project("{FAE04EC0-301F-11D3-BF4B-00C04F79EFBC}") = "ClsTest", "ClsTest\ClsTest.csproj", "{E787DB4B-3A9E-40E7-9FA1-30765743BAD9}"
EndProject
Global
	GlobalSection(SolutionConfigurationPlatforms) = preSolution
		Debug|Any CPU = Debug|Any CPU
		Release|Any CPU = Release|Any CPU
	EndGlobalSection
	GlobalSection(ProjectConfigurationPlatforms) = postSolution
		{6D1782AE-6DF4-4B84-834B-292199D740E8}.Debug|Any CPU.ActiveCfg = Debug|Any CPU
		{6D1782AE-6DF4-4B84-834B-292199D740E8}.Debug|Any CPU.Build.0 = Debug|Any CPU
		{6D1782AE-6DF4-4B84-834B-292199D740E8}.Release|Any CPU.ActiveCfg = Release|Any CPU
		{6D1782AE-6DF4-4B84-834B-292199D740E8}.Release|Any CPU.Build.0 = Release|Any CPU
		{BB310BF1-8119-4B6D-9336-A99369AFD65B}.Debug|Any CPU.ActiveCfg = Debug|Any CPU
		{BB310BF1-8119-4B6D-9336-A99369AFD65B}.Debug|Any CPU.Build.0 = Debug|Any CPU
		{BB310BF1-8119-4B6D-9336-A99369AFD65B}.Release|Any CPU.ActiveCfg = Release|Any CPU
		{BB310BF1-8119-4B6D-9336-A99369AFD65B}.Release|Any CPU.Build.0 = Release|Any CPU
		{869E6577-36F2-4434-B5D2-46AA10378925}.Debug|Any CPU.ActiveCfg = Debug|Any CPU
		{869E6577-36F2-4434-B5D2-46AA10378925}.Debug|Any CPU.Build.0 = Debug|Any CPU
		{869E6577-36F2-4434-B5D2-46AA10378925}.Release|Any CPU.ActiveCfg = Release|Any CPU
		{869E6577-36F2-4434-B5D2-46AA10378925}.Release|Any CPU.Build.0 = Release|Any CPU
		{16A0C5F8-B0AE-4D17-85F5-2B623E89BF20}.Debug|Any CPU.ActiveCfg = Debug|Any CPU
		{16A0C5F8-B0AE-4D17-85F5-2B623E89BF20}.Debug|Any CPU.Build.0 = Debug|Any CPU
		{16A0C5F8-B0AE-4D17-85F5-2B623E89BF20}.Release|Any CPU.ActiveCfg = Release|Any CPU
		{16A0C5F8-B0AE-4D17-85F5-2B623E89BF20}.Release|Any CPU.Build.0 = Release|Any CPU
		{DEF8693A-14E7-4F73-A079-B566162694FE}.Debug|Any CPU.ActiveCfg = Debug|Any CPU
		{DEF8693A-14E7-4F73-A079-B566162694FE}.Debug|Any CPU.Build.0 = Debug|Any CPU
		{DEF8693A-14E7-4F73-A079-B566162694FE}.Release|Any CPU.ActiveCfg = Release|Any CPU
		{DEF8693A-14E7-4F73-A079-B566162694FE}.Release|Any CPU.Build.0 = Release|Any CPU
		{E787DB4B-3A9E-40E7-9FA1-30765743BAD9}.Debug|Any CPU.ActiveCfg = Debug|Any CPU
		{E787DB4B-3A9E-40E7-9FA1-30765743BAD9}.Debug|Any CPU.Build.0 = Debug|Any CPU
		{E787DB4B-3A9E-40E7-9FA1-30765743BAD9}.Release|Any CPU.ActiveCfg = Release|Any CPU
		{E787DB4B-3A9E-40E7-9FA1-30765743BAD9}.Release|Any CPU.Build.0 = Release|Any CPU
	EndGlobalSection
	GlobalSection(SolutionProperties) = preSolution
		HideSolutionNode = FALSE
	EndGlobalSection
EndGlobal
